{
  "name": "smart-xrandr",
  "version": "1.0.0",
  "lockfileVersion": 1,
  "requires": true,
  "dependencies": {
    "xrandr-parse": {
      "version": "1.0.0",
      "resolved": "https://registry.npmjs.org/xrandr-parse/-/xrandr-parse-1.0.0.tgz",
      "integrity": "sha1-IN1O3WHavNTqFUsu6ht7NzpMPgw="
    }
  }
}
